
Microsoft Visual Studio Solution File, Format Version 12.00
# Visual Studio Version 17
VisualStudioVersion = 17.2.32616.157
MinimumVisualStudioVersion = 10.0.40219.1
Project("{FAE04EC0-301F-11D3-BF4B-00C04F79EFBC}") = "SelectionStatementExercise_SwitchCase", "SelectionStatementExercise_SwitchCase\SelectionStatementExercise_SwitchCase.csproj", "{66C6712F-20A6-4BA8-84F0-FB952A46E07D}"
EndProject
Global
	GlobalSection(SolutionConfigurationPlatforms) = preSolution
		Debug|Any CPU = Debug|Any CPU
		Release|Any CPU = Release|Any CPU
	EndGlobalSection
	GlobalSection(ProjectConfigurationPlatforms) = postSolution
		{66C6712F-20A6-4BA8-84F0-FB952A46E07D}.Debug|Any CPU.ActiveCfg = Debug|Any CPU
		{66C6712F-20A6-4BA8-84F0-FB952A46E07D}.Debug|Any CPU.Build.0 = Debug|Any CPU
		{66C6712F-20A6-4BA8-84F0-FB952A46E07D}.Release|Any CPU.ActiveCfg = Release|Any CPU
		{66C6712F-20A6-4BA8-84F0-FB952A46E07D}.Release|Any CPU.Build.0 = Release|Any CPU
	EndGlobalSection
	GlobalSection(SolutionProperties) = preSolution
		HideSolutionNode = FALSE
	EndGlobalSection
	GlobalSection(ExtensibilityGlobals) = postSolution
		SolutionGuid = {905BE75C-DF7B-4F8A-A745-0F2538690F23}
	EndGlobalSection
EndGlobal
